{
    "_readme": [
        "This file locks the dependencies of your project to a known state",
        "Read more about it at https://getcomposer.org/doc/01-basic-usage.md#installing-dependencies",
        "This file is @generated automatically"
    ],
    "content-hash": "dbbb38272f60645785a0255b00a30598",
    "packages": [
        {
            "name": "yunqi/helper",
            "version": "v1.4",
            "source": {
                "type": "git",
                "url": "https://github.com/twosimple/helper.git",
                "reference": "c44e06609a335f3f2e6eafc539b6e501144500f6"
            },
            "dist": {
                "type": "zip",
                "url": "https://api.github.com/repos/twosimple/helper/zipball/c44e06609a335f3f2e6eafc539b6e501144500f6",
                "reference": "c44e06609a335f3f2e6eafc539b6e501144500f6",
                "shasum": "",
                "mirrors": [
                    {
                        "url": "https://mirrors.aliyun.com/composer/dists/%package%/%reference%.%type%",
                        "preferred": true
                    }
                ]
            },
            "require": {
                "php": ">=5.4"
            },
            "type": "library",
            "autoload": {
                "psr-4": {
                    "yunqi\\helper\\": "src/"
                }
            },
            "notification-url": "https://packagist.org/downloads/",
            "license": [
                "MIT"
            ],
            "authors": [
                {
                    "name": "Destiny",
                    "email": "864328615@qq.com"
                }
            ],
            "description": "工具类",
            "time": "2019-07-28T05:29:08+00:00"
        }
    ],
    "packages-dev": [],
    "aliases": [],
    "minimum-stability": "stable",
    "stability-flags": [],
    "prefer-stable": false,
    "prefer-lowest": false,
    "platform": {
        "php": ">=5.4"
    },
    "platform-dev": []
}
